
Microsoft Visual Studio Solution File, Format Version 12.00
# Visual Studio Version 17
VisualStudioVersion = 17.14.36429.23 d17.14
MinimumVisualStudioVersion = 10.0.40219.1
Project("{2150E333-8FDC-42A3-9474-1A3956D46DE8}") = "Task0", "Task0", "{02EA681E-C7D8-13C7-8484-4AC65E1B71E8}"
EndProject
Project("{FAE04EC0-301F-11D3-BF4B-00C04F79EFBC}") = "Tyuiu.GurinchukAV.Sprint2.Task0.V24", "Tyuiu.GurinchukAV.Sprint2.Task0.V24\Tyuiu.GurinchukAV.Sprint2.Task0.V24.csproj", "{5C20EBD8-8528-49D2-BDB8-D51E2CAA8924}"
EndProject
Project("{FAE04EC0-301F-11D3-BF4B-00C04F79EFBC}") = "Tyuiu.GurinchukAV.Sprint2.Task0.V24.Test", "Tyuiu.GurinchukAV.Sprint2.Task0.V24.Test\Tyuiu.GurinchukAV.Sprint2.Task0.V24.Test.csproj", "{818A8471-E920-4BDB-B50C-A30FA3856343}"
EndProject
Project("{FAE04EC0-301F-11D3-BF4B-00C04F79EFBC}") = "Tyuiu.GurinchukAV.Sprint2.Task0.V24.Lib", "Tyuiu.GurinchukAV.Sprint2.Task0.V24.Lib\Tyuiu.GurinchukAV.Sprint2.Task0.V24.Lib.csproj", "{8358A912-28DF-4EBB-BCF4-1B84ACC3ACC0}"
EndProject
Project("{2150E333-8FDC-42A3-9474-1A3956D46DE8}") = "Task1", "Task1", "{7E7F8DFB-6460-4721-9D23-7521C9DE35CB}"
EndProject
Project("{FAE04EC0-301F-11D3-BF4B-00C04F79EFBC}") = "Tyuiu.GurinchukAV.Sprint2.Task1.V22", "Tyuiu.GurinchukAV.Sprint2.Task1.V22\Tyuiu.GurinchukAV.Sprint2.Task1.V22.csproj", "{7AF5CEB0-9D03-4E35-AE8B-A2516DA143A0}"
EndProject
Project("{FAE04EC0-301F-11D3-BF4B-00C04F79EFBC}") = "Tyuiu.GurinchukAV.Sprint2.Task1.V22.Lib", "Tyuiu.GurinchukAV.Sprint2.Task1.V22.Lib\Tyuiu.GurinchukAV.Sprint2.Task1.V22.Lib.csproj", "{74FB5962-C1A1-4FB5-A987-B4F50C62364F}"
EndProject
Project("{FAE04EC0-301F-11D3-BF4B-00C04F79EFBC}") = "Tyuiu.GurinchukAV.Sprint2.Task1.V22.Test", "Tyuiu.GurinchukAV.Sprint2.Task1.V22.Test\Tyuiu.GurinchukAV.Sprint2.Task1.V22.Test.csproj", "{657FC243-9503-4FA7-91A0-06EB569B1EA3}"
EndProject
Project("{2150E333-8FDC-42A3-9474-1A3956D46DE8}") = "Task2", "Task2", "{81F97C1C-101E-430C-92F8-3E002A30FE81}"
EndProject
Project("{FAE04EC0-301F-11D3-BF4B-00C04F79EFBC}") = "Tyuiu.GurinchukAV.Sprint2.Task2.V28", "Tyuiu.GurinchukAV.Sprint2.Task2.V28\Tyuiu.GurinchukAV.Sprint2.Task2.V28.csproj", "{D0B5466D-0756-4D3A-8DAC-D455794F6BBB}"
EndProject
Project("{FAE04EC0-301F-11D3-BF4B-00C04F79EFBC}") = "Tyuiu.GurinchukAV.Sprint2.Task2.V28.Lib", "Tyuiu.GurinchukAV.Sprint2.Task2.V28.Lib\Tyuiu.GurinchukAV.Sprint2.Task2.V28.Lib.csproj", "{2B941B68-E272-4962-BA8C-9F67E583DE2C}"
EndProject
Project("{FAE04EC0-301F-11D3-BF4B-00C04F79EFBC}") = "Tyuiu.GurinchukAV.Sprint2.Task2.V28.Test", "Tyuiu.GurinchukAV.Sprint2.Task2.V28.Test\Tyuiu.GurinchukAV.Sprint2.Task2.V28.Test.csproj", "{33997889-BADC-43FA-8B82-0CC9D3071645}"
EndProject
Project("{2150E333-8FDC-42A3-9474-1A3956D46DE8}") = "Task3", "Task3", "{B7FC5D8E-7AD1-4552-9DA4-A922CFD1E692}"
EndProject
Project("{FAE04EC0-301F-11D3-BF4B-00C04F79EFBC}") = "Tyuiu.GurinchukAV.Sprint2.Task3.V26", "Tyuiu.GurinchukAV.Sprint2.Task3.V26\Tyuiu.GurinchukAV.Sprint2.Task3.V26.csproj", "{8563D9C5-A928-4AAB-A34C-DEEBED7621D2}"
EndProject
Project("{FAE04EC0-301F-11D3-BF4B-00C04F79EFBC}") = "Tyuiu.GurinchukAV.Sprint2.Task3.V26.Lib", "Tyuiu.GurinchukAV.Sprint2.Task3.V26.Lib\Tyuiu.GurinchukAV.Sprint2.Task3.V26.Lib.csproj", "{495C9DC2-955B-4FEE-AB87-D3696AE3A84B}"
EndProject
Project("{FAE04EC0-301F-11D3-BF4B-00C04F79EFBC}") = "Tyuiu.GurinchukAV.Sprint2.Task3.V26.Test", "Tyuiu.GurinchukAV.Sprint2.Task3.V26.Test\Tyuiu.GurinchukAV.Sprint2.Task3.V26.Test.csproj", "{01AD0979-5B97-4729-AC5D-C2F984281233}"
EndProject
Project("{2150E333-8FDC-42A3-9474-1A3956D46DE8}") = "Task4", "Task4", "{E4D253D1-C43B-433C-BB3E-38B77F2265C3}"
EndProject
Project("{FAE04EC0-301F-11D3-BF4B-00C04F79EFBC}") = "Tyuiu.GurinchukAV.Sprint2.Task4.V16", "Tyuiu.GurinchukAV.Sprint2.Task4.V16\Tyuiu.GurinchukAV.Sprint2.Task4.V16.csproj", "{0F83A395-7C92-4BCB-9BC0-125CFB512604}"
EndProject
Project("{FAE04EC0-301F-11D3-BF4B-00C04F79EFBC}") = "Tyuiu.GurinchukAV.Sprint2.Task4.V16.Lib", "Tyuiu.GurinchukAV.Sprint2.Task4.V16.Lib\Tyuiu.GurinchukAV.Sprint2.Task4.V16.Lib.csproj", "{6D47368E-2EAC-4F1A-8E0A-965E1CB000A0}"
EndProject
Project("{FAE04EC0-301F-11D3-BF4B-00C04F79EFBC}") = "Tyuiu.GurinchukAV.Sprint2.Task4.V16.Test", "Tyuiu.GurinchukAV.Sprint2.Task4.V16.Test\Tyuiu.GurinchukAV.Sprint2.Task4.V16.Test.csproj", "{0759EF54-D810-4C34-B9FD-A9222DA24A8A}"
EndProject
Project("{2150E333-8FDC-42A3-9474-1A3956D46DE8}") = "Task5", "Task5", "{D0344B0B-536D-4D42-8D2D-6412E77A590C}"
EndProject
Project("{FAE04EC0-301F-11D3-BF4B-00C04F79EFBC}") = "Tyuiu.GurinchukAV.Sprint2.Task5.V4", "Tyuiu.GurinchukAV.Sprint2.Task5.V4\Tyuiu.GurinchukAV.Sprint2.Task5.V4.csproj", "{D291DD24-CC9D-4AB1-AC7B-AD2CEE7A1D14}"
EndProject
Project("{FAE04EC0-301F-11D3-BF4B-00C04F79EFBC}") = "Tyuiu.GurinchukAV.Sprint2.Task5.V4.Lib", "Tyuiu.GurinchukAV.Sprint2.Task5.V4.Lib\Tyuiu.GurinchukAV.Sprint2.Task5.V4.Lib.csproj", "{3B003B49-BA52-4FD8-B0F2-84E265A3000D}"
EndProject
Project("{FAE04EC0-301F-11D3-BF4B-00C04F79EFBC}") = "Tyuiu.GurinchukAV.Sprint2.Task5.V4.Test", "Tyuiu.GurinchukAV.Sprint2.Task5.V4.Test\Tyuiu.GurinchukAV.Sprint2.Task5.V4.Test.csproj", "{1AE6A2A7-797C-4E0C-A249-47CDC91B33FA}"
EndProject
Global
	GlobalSection(SolutionConfigurationPlatforms) = preSolution
		Debug|Any CPU = Debug|Any CPU
		Release|Any CPU = Release|Any CPU
	EndGlobalSection
	GlobalSection(ProjectConfigurationPlatforms) = postSolution
		{5C20EBD8-8528-49D2-BDB8-D51E2CAA8924}.Debug|Any CPU.ActiveCfg = Debug|Any CPU
		{5C20EBD8-8528-49D2-BDB8-D51E2CAA8924}.Debug|Any CPU.Build.0 = Debug|Any CPU
		{5C20EBD8-8528-49D2-BDB8-D51E2CAA8924}.Release|Any CPU.ActiveCfg = Release|Any CPU
		{5C20EBD8-8528-49D2-BDB8-D51E2CAA8924}.Release|Any CPU.Build.0 = Release|Any CPU
		{818A8471-E920-4BDB-B50C-A30FA3856343}.Debug|Any CPU.ActiveCfg = Debug|Any CPU
		{818A8471-E920-4BDB-B50C-A30FA3856343}.Debug|Any CPU.Build.0 = Debug|Any CPU
		{818A8471-E920-4BDB-B50C-A30FA3856343}.Release|Any CPU.ActiveCfg = Release|Any CPU
		{818A8471-E920-4BDB-B50C-A30FA3856343}.Release|Any CPU.Build.0 = Release|Any CPU
		{8358A912-28DF-4EBB-BCF4-1B84ACC3ACC0}.Debug|Any CPU.ActiveCfg = Debug|Any CPU
		{8358A912-28DF-4EBB-BCF4-1B84ACC3ACC0}.Debug|Any CPU.Build.0 = Debug|Any CPU
		{8358A912-28DF-4EBB-BCF4-1B84ACC3ACC0}.Release|Any CPU.ActiveCfg = Release|Any CPU
		{8358A912-28DF-4EBB-BCF4-1B84ACC3ACC0}.Release|Any CPU.Build.0 = Release|Any CPU
		{7AF5CEB0-9D03-4E35-AE8B-A2516DA143A0}.Debug|Any CPU.ActiveCfg = Debug|Any CPU
		{7AF5CEB0-9D03-4E35-AE8B-A2516DA143A0}.Debug|Any CPU.Build.0 = Debug|Any CPU
		{7AF5CEB0-9D03-4E35-AE8B-A2516DA143A0}.Release|Any CPU.ActiveCfg = Release|Any CPU
		{7AF5CEB0-9D03-4E35-AE8B-A2516DA143A0}.Release|Any CPU.Build.0 = Release|Any CPU
		{74FB5962-C1A1-4FB5-A987-B4F50C62364F}.Debug|Any CPU.ActiveCfg = Debug|Any CPU
		{74FB5962-C1A1-4FB5-A987-B4F50C62364F}.Debug|Any CPU.Build.0 = Debug|Any CPU
		{74FB5962-C1A1-4FB5-A987-B4F50C62364F}.Release|Any CPU.ActiveCfg = Release|Any CPU
		{74FB5962-C1A1-4FB5-A987-B4F50C62364F}.Release|Any CPU.Build.0 = Release|Any CPU
		{657FC243-9503-4FA7-91A0-06EB569B1EA3}.Debug|Any CPU.ActiveCfg = Debug|Any CPU
		{657FC243-9503-4FA7-91A0-06EB569B1EA3}.Debug|Any CPU.Build.0 = Debug|Any CPU
		{657FC243-9503-4FA7-91A0-06EB569B1EA3}.Release|Any CPU.ActiveCfg = Release|Any CPU
		{657FC243-9503-4FA7-91A0-06EB569B1EA3}.Release|Any CPU.Build.0 = Release|Any CPU
		{D0B5466D-0756-4D3A-8DAC-D455794F6BBB}.Debug|Any CPU.ActiveCfg = Debug|Any CPU
		{D0B5466D-0756-4D3A-8DAC-D455794F6BBB}.Debug|Any CPU.Build.0 = Debug|Any CPU
		{D0B5466D-0756-4D3A-8DAC-D455794F6BBB}.Release|Any CPU.ActiveCfg = Release|Any CPU
		{D0B5466D-0756-4D3A-8DAC-D455794F6BBB}.Release|Any CPU.Build.0 = Release|Any CPU
		{2B941B68-E272-4962-BA8C-9F67E583DE2C}.Debug|Any CPU.ActiveCfg = Debug|Any CPU
		{2B941B68-E272-4962-BA8C-9F67E583DE2C}.Debug|Any CPU.Build.0 = Debug|Any CPU
		{2B941B68-E272-4962-BA8C-9F67E583DE2C}.Release|Any CPU.ActiveCfg = Release|Any CPU
		{2B941B68-E272-4962-BA8C-9F67E583DE2C}.Release|Any CPU.Build.0 = Release|Any CPU
		{33997889-BADC-43FA-8B82-0CC9D3071645}.Debug|Any CPU.ActiveCfg = Debug|Any CPU
		{33997889-BADC-43FA-8B82-0CC9D3071645}.Debug|Any CPU.Build.0 = Debug|Any CPU
		{33997889-BADC-43FA-8B82-0CC9D3071645}.Release|Any CPU.ActiveCfg = Release|Any CPU
		{33997889-BADC-43FA-8B82-0CC9D3071645}.Release|Any CPU.Build.0 = Release|Any CPU
		{8563D9C5-A928-4AAB-A34C-DEEBED7621D2}.Debug|Any CPU.ActiveCfg = Debug|Any CPU
		{8563D9C5-A928-4AAB-A34C-DEEBED7621D2}.Debug|Any CPU.Build.0 = Debug|Any CPU
		{8563D9C5-A928-4AAB-A34C-DEEBED7621D2}.Release|Any CPU.ActiveCfg = Release|Any CPU
		{8563D9C5-A928-4AAB-A34C-DEEBED7621D2}.Release|Any CPU.Build.0 = Release|Any CPU
		{495C9DC2-955B-4FEE-AB87-D3696AE3A84B}.Debug|Any CPU.ActiveCfg = Debug|Any CPU
		{495C9DC2-955B-4FEE-AB87-D3696AE3A84B}.Debug|Any CPU.Build.0 = Debug|Any CPU
		{495C9DC2-955B-4FEE-AB87-D3696AE3A84B}.Release|Any CPU.ActiveCfg = Release|Any CPU
		{495C9DC2-955B-4FEE-AB87-D3696AE3A84B}.Release|Any CPU.Build.0 = Release|Any CPU
		{01AD0979-5B97-4729-AC5D-C2F984281233}.Debug|Any CPU.ActiveCfg = Debug|Any CPU
		{01AD0979-5B97-4729-AC5D-C2F984281233}.Debug|Any CPU.Build.0 = Debug|Any CPU
		{01AD0979-5B97-4729-AC5D-C2F984281233}.Release|Any CPU.ActiveCfg = Release|Any CPU
		{01AD0979-5B97-4729-AC5D-C2F984281233}.Release|Any CPU.Build.0 = Release|Any CPU
		{0F83A395-7C92-4BCB-9BC0-125CFB512604}.Debug|Any CPU.ActiveCfg = Debug|Any CPU
		{0F83A395-7C92-4BCB-9BC0-125CFB512604}.Debug|Any CPU.Build.0 = Debug|Any CPU
		{0F83A395-7C92-4BCB-9BC0-125CFB512604}.Release|Any CPU.ActiveCfg = Release|Any CPU
		{0F83A395-7C92-4BCB-9BC0-125CFB512604}.Release|Any CPU.Build.0 = Release|Any CPU
		{6D47368E-2EAC-4F1A-8E0A-965E1CB000A0}.Debug|Any CPU.ActiveCfg = Debug|Any CPU
		{6D47368E-2EAC-4F1A-8E0A-965E1CB000A0}.Debug|Any CPU.Build.0 = Debug|Any CPU
		{6D47368E-2EAC-4F1A-8E0A-965E1CB000A0}.Release|Any CPU.ActiveCfg = Release|Any CPU
		{6D47368E-2EAC-4F1A-8E0A-965E1CB000A0}.Release|Any CPU.Build.0 = Release|Any CPU
		{0759EF54-D810-4C34-B9FD-A9222DA24A8A}.Debug|Any CPU.ActiveCfg = Debug|Any CPU
		{0759EF54-D810-4C34-B9FD-A9222DA24A8A}.Debug|Any CPU.Build.0 = Debug|Any CPU
		{0759EF54-D810-4C34-B9FD-A9222DA24A8A}.Release|Any CPU.ActiveCfg = Release|Any CPU
		{0759EF54-D810-4C34-B9FD-A9222DA24A8A}.Release|Any CPU.Build.0 = Release|Any CPU
		{D291DD24-CC9D-4AB1-AC7B-AD2CEE7A1D14}.Debug|Any CPU.ActiveCfg = Debug|Any CPU
		{D291DD24-CC9D-4AB1-AC7B-AD2CEE7A1D14}.Debug|Any CPU.Build.0 = Debug|Any CPU
		{D291DD24-CC9D-4AB1-AC7B-AD2CEE7A1D14}.Release|Any CPU.ActiveCfg = Release|Any CPU
		{D291DD24-CC9D-4AB1-AC7B-AD2CEE7A1D14}.Release|Any CPU.Build.0 = Release|Any CPU
		{3B003B49-BA52-4FD8-B0F2-84E265A3000D}.Debug|Any CPU.ActiveCfg = Debug|Any CPU
		{3B003B49-BA52-4FD8-B0F2-84E265A3000D}.Debug|Any CPU.Build.0 = Debug|Any CPU
		{3B003B49-BA52-4FD8-B0F2-84E265A3000D}.Release|Any CPU.ActiveCfg = Release|Any CPU
		{3B003B49-BA52-4FD8-B0F2-84E265A3000D}.Release|Any CPU.Build.0 = Release|Any CPU
		{1AE6A2A7-797C-4E0C-A249-47CDC91B33FA}.Debug|Any CPU.ActiveCfg = Debug|Any CPU
		{1AE6A2A7-797C-4E0C-A249-47CDC91B33FA}.Debug|Any CPU.Build.0 = Debug|Any CPU
		{1AE6A2A7-797C-4E0C-A249-47CDC91B33FA}.Release|Any CPU.ActiveCfg = Release|Any CPU
		{1AE6A2A7-797C-4E0C-A249-47CDC91B33FA}.Release|Any CPU.Build.0 = Release|Any CPU
	EndGlobalSection
	GlobalSection(SolutionProperties) = preSolution
		HideSolutionNode = FALSE
	EndGlobalSection
	GlobalSection(NestedProjects) = preSolution
		{5C20EBD8-8528-49D2-BDB8-D51E2CAA8924} = {02EA681E-C7D8-13C7-8484-4AC65E1B71E8}
		{818A8471-E920-4BDB-B50C-A30FA3856343} = {02EA681E-C7D8-13C7-8484-4AC65E1B71E8}
		{8358A912-28DF-4EBB-BCF4-1B84ACC3ACC0} = {02EA681E-C7D8-13C7-8484-4AC65E1B71E8}
		{7AF5CEB0-9D03-4E35-AE8B-A2516DA143A0} = {7E7F8DFB-6460-4721-9D23-7521C9DE35CB}
		{74FB5962-C1A1-4FB5-A987-B4F50C62364F} = {7E7F8DFB-6460-4721-9D23-7521C9DE35CB}
		{657FC243-9503-4FA7-91A0-06EB569B1EA3} = {7E7F8DFB-6460-4721-9D23-7521C9DE35CB}
		{D0B5466D-0756-4D3A-8DAC-D455794F6BBB} = {81F97C1C-101E-430C-92F8-3E002A30FE81}
		{2B941B68-E272-4962-BA8C-9F67E583DE2C} = {81F97C1C-101E-430C-92F8-3E002A30FE81}
		{33997889-BADC-43FA-8B82-0CC9D3071645} = {81F97C1C-101E-430C-92F8-3E002A30FE81}
		{8563D9C5-A928-4AAB-A34C-DEEBED7621D2} = {B7FC5D8E-7AD1-4552-9DA4-A922CFD1E692}
		{495C9DC2-955B-4FEE-AB87-D3696AE3A84B} = {B7FC5D8E-7AD1-4552-9DA4-A922CFD1E692}
		{01AD0979-5B97-4729-AC5D-C2F984281233} = {B7FC5D8E-7AD1-4552-9DA4-A922CFD1E692}
		{0F83A395-7C92-4BCB-9BC0-125CFB512604} = {E4D253D1-C43B-433C-BB3E-38B77F2265C3}
		{6D47368E-2EAC-4F1A-8E0A-965E1CB000A0} = {E4D253D1-C43B-433C-BB3E-38B77F2265C3}
		{0759EF54-D810-4C34-B9FD-A9222DA24A8A} = {E4D253D1-C43B-433C-BB3E-38B77F2265C3}
		{D291DD24-CC9D-4AB1-AC7B-AD2CEE7A1D14} = {D0344B0B-536D-4D42-8D2D-6412E77A590C}
		{3B003B49-BA52-4FD8-B0F2-84E265A3000D} = {D0344B0B-536D-4D42-8D2D-6412E77A590C}
	EndGlobalSection
	GlobalSection(ExtensibilityGlobals) = postSolution
		SolutionGuid = {63091563-BB4D-4495-8773-A69A83327000}
	EndGlobalSection
EndGlobal
